// !$*UTF8*$!
{
	archiveVersion = 1;
	classes = {
	};
	objectVersion = 50;
	objects = {

/* Begin PBXBuildFile section */
		8BCE3FD521EE38C9004793E8 /* mvc2.jpg in Resources */ = {isa = PBXBuildFile; fileRef = 8BCE3FD421EE38C9004793E8 /* mvc2.jpg */; };
		8BCE3FD721EE3B70004793E8 /* GrassGreen_2.png in Resources */ = {isa = PBXBuildFile; fileRef = 8BCE3FD621EE3B70004793E8 /* GrassGreen_2.png */; };
		8BCE3FDB21EE4538004793E8 /* Moves.swift in Sources */ = {isa = PBXBuildFile; fileRef = 8BCE3FDA21EE4538004793E8 /* Moves.swift */; };
		8BCE3FDF21EE4BD7004793E8 /* MoveViewController.swift in Sources */ = {isa = PBXBuildFile; fileRef = 8BCE3FDE21EE4BD7004793E8 /* MoveViewController.swift */; };
		8BCE3FE121EE739A004793E8 /* MoveDataProcessor.swift in Sources */ = {isa = PBXBuildFile; fileRef = 8BCE3FE021EE739A004793E8 /* MoveDataProcessor.swift */; };
		8BCE3FE321EE7669004793E8 /* JsonParserFlat.swift in Sources */ = {isa = PBXBuildFile; fileRef = 8BCE3FE221EE7669004793E8 /* JsonParserFlat.swift */; };
		8BFC75DD21ECEA8F002C7F6F /* AppDelegate.swift in Sources */ = {isa = PBXBuildFile; fileRef = 8BFC75DC21ECEA8F002C7F6F /* AppDelegate.swift */; };
		8BFC75DF21ECEA8F002C7F6F /* ViewController.swift in Sources */ = {isa = PBXBuildFile; fileRef = 8BFC75DE21ECEA8F002C7F6F /* ViewController.swift */; };
		8BFC75E221ECEA8F002C7F6F /* Main.storyboard in Resources */ = {isa = PBXBuildFile; fileRef = 8BFC75E021ECEA8F002C7F6F /* Main.storyboard */; };
		8BFC75E421ECEA90002C7F6F /* Assets.xcassets in Resources */ = {isa = PBXBuildFile; fileRef = 8BFC75E321ECEA90002C7F6F /* Assets.xcassets */; };
		8BFC75E721ECEA90002C7F6F /* LaunchScreen.storyboard in Resources */ = {isa = PBXBuildFile; fileRef = 8BFC75E521ECEA90002C7F6F /* LaunchScreen.storyboard */; };
		8BFC75F221ECEA91002C7F6F /* MarvelVsCapcom2Tests.swift in Sources */ = {isa = PBXBuildFile; fileRef = 8BFC75F121ECEA91002C7F6F /* MarvelVsCapcom2Tests.swift */; };
		8BFC75FD21ECEA91002C7F6F /* MarvelVsCapcom2UITests.swift in Sources */ = {isa = PBXBuildFile; fileRef = 8BFC75FC21ECEA91002C7F6F /* MarvelVsCapcom2UITests.swift */; };
		8BFC760B21ECEC0D002C7F6F /* Character.swift in Sources */ = {isa = PBXBuildFile; fileRef = 8BFC760A21ECEC0D002C7F6F /* Character.swift */; };
		8BFC760D21ECED25002C7F6F /* CustomTableViewCell.swift in Sources */ = {isa = PBXBuildFile; fileRef = 8BFC760C21ECED25002C7F6F /* CustomTableViewCell.swift */; };
		8BFC761121ECF1AC002C7F6F /* HTTPHandler.swift in Sources */ = {isa = PBXBuildFile; fileRef = 8BFC761021ECF1AC002C7F6F /* HTTPHandler.swift */; };
		8BFC761321ECF208002C7F6F /* CharacterDataProcessor.swift in Sources */ = {isa = PBXBuildFile; fileRef = 8BFC761221ECF208002C7F6F /* CharacterDataProcessor.swift */; };
		8BFC761521ECF4F7002C7F6F /* JsonParser.swift in Sources */ = {isa = PBXBuildFile; fileRef = 8BFC761421ECF4F7002C7F6F /* JsonParser.swift */; };
/* End PBXBuildFile section */

/* Begin PBXContainerItemProxy section */
		8BFC75EE21ECEA91002C7F6F /* PBXContainerItemProxy */ = {
			isa = PBXContainerItemProxy;
			containerPortal = 8BFC75D121ECEA8F002C7F6F /* Project object */;
			proxyType = 1;
			remoteGlobalIDString = 8BFC75D821ECEA8F002C7F6F;
			remoteInfo = MarvelVsCapcom2;
		};
		8BFC75F921ECEA91002C7F6F /* PBXContainerItemProxy */ = {
			isa = PBXContainerItemProxy;
			containerPortal = 8BFC75D121ECEA8F002C7F6F /* Project object */;
			proxyType = 1;
			remoteGlobalIDString = 8BFC75D821ECEA8F002C7F6F;
			remoteInfo = MarvelVsCapcom2;
		};
/* End PBXContainerItemProxy section */

/* Begin PBXFileReference section */
		8BCE3FD421EE38C9004793E8 /* mvc2.jpg */ = {isa = PBXFileReference; lastKnownFileType = image.jpeg; name = mvc2.jpg; path = ../../Downloads/mvc2.jpg; sourceTree = "<group>"; };
		8BCE3FD621EE3B70004793E8 /* GrassGreen_2.png */ = {isa = PBXFileReference; lastKnownFileType = image.png; name = GrassGreen_2.png; path = ../GrassGreen_2.png; sourceTree = "<group>"; };
		8BCE3FDA21EE4538004793E8 /* Moves.swift */ = {isa = PBXFileReference; lastKnownFileType = sourcecode.swift; path = Moves.swift; sourceTree = "<group>"; };
		8BCE3FDE21EE4BD7004793E8 /* MoveViewController.swift */ = {isa = PBXFileReference; lastKnownFileType = sourcecode.swift; path = MoveViewController.swift; sourceTree = "<group>"; };
		8BCE3FE021EE739A004793E8 /* MoveDataProcessor.swift */ = {isa = PBXFileReference; lastKnownFileType = sourcecode.swift; path = MoveDataProcessor.swift; sourceTree = "<group>"; };
		8BCE3FE221EE7669004793E8 /* JsonParserFlat.swift */ = {isa = PBXFileReference; lastKnownFileType = sourcecode.swift; path = JsonParserFlat.swift; sourceTree = "<group>"; };
		8BFC75D921ECEA8F002C7F6F /* MarvelVsCapcom2.app */ = {isa = PBXFileReference; explicitFileType = wrapper.application; includeInIndex = 0; path = MarvelVsCapcom2.app; sourceTree = BUILT_PRODUCTS_DIR; };
		8BFC75DC21ECEA8F002C7F6F /* AppDelegate.swift */ = {isa = PBXFileReference; lastKnownFileType = sourcecode.swift; path = AppDelegate.swift; sourceTree = "<group>"; };
		8BFC75DE21ECEA8F002C7F6F /* ViewController.swift */ = {isa = PBXFileReference; lastKnownFileType = sourcecode.swift; path = ViewController.swift; sourceTree = "<group>"; };
		8BFC75E121ECEA8F002C7F6F /* Base */ = {isa = PBXFileReference; lastKnownFileType = file.storyboard; name = Base; path = Base.lproj/Main.storyboard; sourceTree = "<group>"; };
		8BFC75E321ECEA90002C7F6F /* Assets.xcassets */ = {isa = PBXFileReference; lastKnownFileType = folder.assetcatalog; path = Assets.xcassets; sourceTree = "<group>"; };
		8BFC75E621ECEA90002C7F6F /* Base */ = {isa = PBXFileReference; lastKnownFileType = file.storyboard; name = Base; path = Base.lproj/LaunchScreen.storyboard; sourceTree = "<group>"; };
		8BFC75E821ECEA90002C7F6F /* Info.plist */ = {isa = PBXFileReference; lastKnownFileType = text.plist.xml; path = Info.plist; sourceTree = "<group>"; };
		8BFC75ED21ECEA91002C7F6F /* MarvelVsCapcom2Tests.xctest */ = {isa = PBXFileReference; explicitFileType = wrapper.cfbundle; includeInIndex = 0; path = MarvelVsCapcom2Tests.xctest; sourceTree = BUILT_PRODUCTS_DIR; };
		8BFC75F121ECEA91002C7F6F /* MarvelVsCapcom2Tests.swift */ = {isa = PBXFileReference; lastKnownFileType = sourcecode.swift; path = MarvelVsCapcom2Tests.swift; sourceTree = "<group>"; };
		8BFC75F321ECEA91002C7F6F /* Info.plist */ = {isa = PBXFileReference; lastKnownFileType = text.plist.xml; path = Info.plist; sourceTree = "<group>"; };
		8BFC75F821ECEA91002C7F6F /* MarvelVsCapcom2UITests.xctest */ = {isa = PBXFileReference; explicitFileType = wrapper.cfbundle; includeInIndex = 0; path = MarvelVsCapcom2UITests.xctest; sourceTree = BUILT_PRODUCTS_DIR; };
		8BFC75FC21ECEA91002C7F6F /* MarvelVsCapcom2UITests.swift */ = {isa = PBXFileReference; lastKnownFileType = sourcecode.swift; path = MarvelVsCapcom2UITests.swift; sourceTree = "<group>"; };
		8BFC75FE21ECEA91002C7F6F /* Info.plist */ = {isa = PBXFileReference; lastKnownFileType = text.plist.xml; path = Info.plist; sourceTree = "<group>"; };
		8BFC760A21ECEC0D002C7F6F /* Character.swift */ = {isa = PBXFileReference; lastKnownFileType = sourcecode.swift; path = Character.swift; sourceTree = "<group>"; };
		8BFC760C21ECED25002C7F6F /* CustomTableViewCell.swift */ = {isa = PBXFileReference; lastKnownFileType = sourcecode.swift; path = CustomTableViewCell.swift; sourceTree = "<group>"; };
		8BFC761021ECF1AC002C7F6F /* HTTPHandler.swift */ = {isa = PBXFileReference; lastKnownFileType = sourcecode.swift; path = HTTPHandler.swift; sourceTree = "<group>"; };
		8BFC761221ECF208002C7F6F /* CharacterDataProcessor.swift */ = {isa = PBXFileReference; lastKnownFileType = sourcecode.swift; path = CharacterDataProcessor.swift; sourceTree = "<group>"; };
		8BFC761421ECF4F7002C7F6F /* JsonParser.swift */ = {isa = PBXFileReference; lastKnownFileType = sourcecode.swift; path = JsonParser.swift; sourceTree = "<group>"; };
/* End PBXFileReference section */

/* Begin PBXFrameworksBuildPhase section */
		8BFC75D621ECEA8F002C7F6F /* Frameworks */ = {
			isa = PBXFrameworksBuildPhase;
			buildActionMask = 2147483647;
			files = (
			);
			runOnlyForDeploymentPostprocessing = 0;
		};
		8BFC75EA21ECEA91002C7F6F /* Frameworks */ = {
			isa = PBXFrameworksBuildPhase;
			buildActionMask = 2147483647;
			files = (
			);
			runOnlyForDeploymentPostprocessing = 0;
		};
		8BFC75F521ECEA91002C7F6F /* Frameworks */ = {
			isa = PBXFrameworksBuildPhase;
			buildActionMask = 2147483647;
			files = (
			);
			runOnlyForDeploymentPostprocessing = 0;
		};
/* End PBXFrameworksBuildPhase section */

/* Begin PBXGroup section */
		8BFC75D021ECEA8F002C7F6F = {
			isa = PBXGroup;
			children = (
				8BCE3FE221EE7669004793E8 /* JsonParserFlat.swift */,
				8BCE3FDE21EE4BD7004793E8 /* MoveViewController.swift */,
				8BCE3FD421EE38C9004793E8 /* mvc2.jpg */,
				8BCE3FD621EE3B70004793E8 /* GrassGreen_2.png */,
				8BFC761021ECF1AC002C7F6F /* HTTPHandler.swift */,
				8BFC75DB21ECEA8F002C7F6F /* MarvelVsCapcom2 */,
				8BFC75F021ECEA91002C7F6F /* MarvelVsCapcom2Tests */,
				8BFC75FB21ECEA91002C7F6F /* MarvelVsCapcom2UITests */,
				8BFC75DA21ECEA8F002C7F6F /* Products */,
			);
			sourceTree = "<group>";
		};
		8BFC75DA21ECEA8F002C7F6F /* Products */ = {
			isa = PBXGroup;
			children = (
				8BFC75D921ECEA8F002C7F6F /* MarvelVsCapcom2.app */,
				8BFC75ED21ECEA91002C7F6F /* MarvelVsCapcom2Tests.xctest */,
				8BFC75F821ECEA91002C7F6F /* MarvelVsCapcom2UITests.xctest */,
			);
			name = Products;
			sourceTree = "<group>";
		};
		8BFC75DB21ECEA8F002C7F6F /* MarvelVsCapcom2 */ = {
			isa = PBXGroup;
			children = (
				8BFC75DC21ECEA8F002C7F6F /* AppDelegate.swift */,
				8BFC75DE21ECEA8F002C7F6F /* ViewController.swift */,
				8BCE3FE021EE739A004793E8 /* MoveDataProcessor.swift */,
				8BCE3FDA21EE4538004793E8 /* Moves.swift */,
				8BFC761421ECF4F7002C7F6F /* JsonParser.swift */,
				8BFC761221ECF208002C7F6F /* CharacterDataProcessor.swift */,
				8BFC760C21ECED25002C7F6F /* CustomTableViewCell.swift */,
				8BFC760A21ECEC0D002C7F6F /* Character.swift */,
				8BFC75E021ECEA8F002C7F6F /* Main.storyboard */,
				8BFC75E321ECEA90002C7F6F /* Assets.xcassets */,
				8BFC75E521ECEA90002C7F6F /* LaunchScreen.storyboard */,
				8BFC75E821ECEA90002C7F6F /* Info.plist */,
			);
			path = MarvelVsCapcom2;
			sourceTree = "<group>";
		};
		8BFC75F021ECEA91002C7F6F /* MarvelVsCapcom2Tests */ = {
			isa = PBXGroup;
			children = (
				8BFC75F121ECEA91002C7F6F /* MarvelVsCapcom2Tests.swift */,
				8BFC75F321ECEA91002C7F6F /* Info.plist */,
			);
			path = MarvelVsCapcom2Tests;
			sourceTree = "<group>";
		};
		8BFC75FB21ECEA91002C7F6F /* MarvelVsCapcom2UITests */ = {
			isa = PBXGroup;
			children = (
				8BFC75FC21ECEA91002C7F6F /* MarvelVsCapcom2UITests.swift */,
				8BFC75FE21ECEA91002C7F6F /* Info.plist */,
			);
			path = MarvelVsCapcom2UITests;
			sourceTree = "<group>";
		};
/* End PBXGroup section */

/* Begin PBXNativeTarget section */
		8BFC75D821ECEA8F002C7F6F /* MarvelVsCapcom2 */ = {
			isa = PBXNativeTarget;
			buildConfigurationList = 8BFC760121ECEA91002C7F6F /* Build configuration list for PBXNativeTarget "MarvelVsCapcom2" */;
			buildPhases = (
				8BFC75D521ECEA8F002C7F6F /* Sources */,
				8BFC75D621ECEA8F002C7F6F /* Frameworks */,
				8BFC75D721ECEA8F002C7F6F /* Resources */,
			);
			buildRules = (
			);
			dependencies = (
			);
			name = MarvelVsCapcom2;
			productName = MarvelVsCapcom2;
			productReference = 8BFC75D921ECEA8F002C7F6F /* MarvelVsCapcom2.app */;
			productType = "com.apple.product-type.application";
		};
		8BFC75EC21ECEA91002C7F6F /* MarvelVsCapcom2Tests */ = {
			isa = PBXNativeTarget;
			buildConfigurationList = 8BFC760421ECEA91002C7F6F /* Build configuration list for PBXNativeTarget "MarvelVsCapcom2Tests" */;
			buildPhases = (
				8BFC75E921ECEA91002C7F6F /* Sources */,
				8BFC75EA21ECEA91002C7F6F /* Frameworks */,
				8BFC75EB21ECEA91002C7F6F /* Resources */,
			);
			buildRules = (
			);
			dependencies = (
				8BFC75EF21ECEA91002C7F6F /* PBXTargetDependency */,
			);
			name = MarvelVsCapcom2Tests;
			productName = MarvelVsCapcom2Tests;
			productReference = 8BFC75ED21ECEA91002C7F6F /* MarvelVsCapcom2Tests.xctest */;
			productType = "com.apple.product-type.bundle.unit-test";
		};
		8BFC75F721ECEA91002C7F6F /* MarvelVsCapcom2UITests */ = {
			isa = PBXNativeTarget;
			buildConfigurationList = 8BFC760721ECEA91002C7F6F /* Build configuration list for PBXNativeTarget "MarvelVsCapcom2UITests" */;
			buildPhases = (
				8BFC75F421ECEA91002C7F6F /* Sources */,
				8BFC75F521ECEA91002C7F6F /* Frameworks */,
				8BFC75F621ECEA91002C7F6F /* Resources */,
			);
			buildRules = (
			);
			dependencies = (
				8BFC75FA21ECEA91002C7F6F /* PBXTargetDependency */,
			);
			name = MarvelVsCapcom2UITests;
			productName = MarvelVsCapcom2UITests;
			productReference = 8BFC75F821ECEA91002C7F6F /* MarvelVsCapcom2UITests.xctest */;
			productType = "com.apple.product-type.bundle.ui-testing";
		};
/* End PBXNativeTarget section */

/* Begin PBXProject section */
		8BFC75D121ECEA8F002C7F6F /* Project object */ = {
			isa = PBXProject;
			attributes = {
				LastSwiftUpdateCheck = 1010;
				LastUpgradeCheck = 1010;
				ORGANIZATIONNAME = "Dalvin Sejour";
				TargetAttributes = {
					8BFC75D821ECEA8F002C7F6F = {
						CreatedOnToolsVersion = 10.1;
					};
					8BFC75EC21ECEA91002C7F6F = {
						CreatedOnToolsVersion = 10.1;
						TestTargetID = 8BFC75D821ECEA8F002C7F6F;
					};
					8BFC75F721ECEA91002C7F6F = {
						CreatedOnToolsVersion = 10.1;
						TestTargetID = 8BFC75D821ECEA8F002C7F6F;
					};
				};
			};
			buildConfigurationList = 8BFC75D421ECEA8F002C7F6F /* Build configuration list for PBXProject "MarvelVsCapcom2" */;
			compatibilityVersion = "Xcode 9.3";
			developmentRegion = en;
			hasScannedForEncodings = 0;
			knownRegions = (
				en,
				Base,
			);
			mainGroup = 8BFC75D021ECEA8F002C7F6F;
			productRefGroup = 8BFC75DA21ECEA8F002C7F6F /* Products */;
			projectDirPath = "";
			projectRoot = "";
			targets = (
				8BFC75D821ECEA8F002C7F6F /* MarvelVsCapcom2 */,
				8BFC75EC21ECEA91002C7F6F /* MarvelVsCapcom2Tests */,
				8BFC75F721ECEA91002C7F6F /* MarvelVsCapcom2UITests */,
			);
		};
/* End PBXProject section */

/* Begin PBXResourcesBuildPhase section */
		8BFC75D721ECEA8F002C7F6F /* Resources */ = {
			isa = PBXResourcesBuildPhase;
			buildActionMask = 2147483647;
			files = (
				8BCE3FD721EE3B70004793E8 /* GrassGreen_2.png in Resources */,
				8BFC75E721ECEA90002C7F6F /* LaunchScreen.storyboard in Resources */,
				8BFC75E421ECEA90002C7F6F /* Assets.xcassets in Resources */,
				8BFC75E221ECEA8F002C7F6F /* Main.storyboard in Resources */,
				8BCE3FD521EE38C9004793E8 /* mvc2.jpg in Resources */,
			);
			runOnlyForDeploymentPostprocessing = 0;
		};
		8BFC75EB21ECEA91002C7F6F /* Resources */ = {
			isa = PBXResourcesBuildPhase;
			buildActionMask = 2147483647;
			files = (
			);
			runOnlyForDeploymentPostprocessing = 0;
		};
		8BFC75F621ECEA91002C7F6F /* Resources */ = {
			isa = PBXResourcesBuildPhase;
			buildActionMask = 2147483647;
			files = (
			);
			runOnlyForDeploymentPostprocessing = 0;
		};
/* End PBXResourcesBuildPhase section */

/* Begin PBXSourcesBuildPhase section */
		8BFC75D521ECEA8F002C7F6F /* Sources */ = {
			isa = PBXSourcesBuildPhase;
			buildActionMask = 2147483647;
			files = (
				8BCE3FE321EE7669004793E8 /* JsonParserFlat.swift in Sources */,
				8BFC761121ECF1AC002C7F6F /* HTTPHandler.swift in Sources */,
				8BFC760B21ECEC0D002C7F6F /* Character.swift in Sources */,
				8BCE3FDF21EE4BD7004793E8 /* MoveViewController.swift in Sources */,
				8BFC75DF21ECEA8F002C7F6F /* ViewController.swift in Sources */,
				8BFC760D21ECED25002C7F6F /* CustomTableViewCell.swift in Sources */,
				8BCE3FDB21EE4538004793E8 /* Moves.swift in Sources */,
				8BFC761321ECF208002C7F6F /* CharacterDataProcessor.swift in Sources */,
				8BCE3FE121EE739A004793E8 /* MoveDataProcessor.swift in Sources */,
				8BFC761521ECF4F7002C7F6F /* JsonParser.swift in Sources */,
				8BFC75DD21ECEA8F002C7F6F /* AppDelegate.swift in Sources */,
			);
			runOnlyForDeploymentPostprocessing = 0;
		};
		8BFC75E921ECEA91002C7F6F /* Sources */ = {
			isa = PBXSourcesBuildPhase;
			buildActionMask = 2147483647;
			files = (
				8BFC75F221ECEA91002C7F6F /* MarvelVsCapcom2Tests.swift in Sources */,
			);
			runOnlyForDeploymentPostprocessing = 0;
		};
		8BFC75F421ECEA91002C7F6F /* Sources */ = {
			isa = PBXSourcesBuildPhase;
			buildActionMask = 2147483647;
			files = (
				8BFC75FD21ECEA91002C7F6F /* MarvelVsCapcom2UITests.swift in Sources */,
			);
			runOnlyForDeploymentPostprocessing = 0;
		};
/* End PBXSourcesBuildPhase section */

/* Begin PBXTargetDependency section */
		8BFC75EF21ECEA91002C7F6F /* PBXTargetDependency */ = {
			isa = PBXTargetDependency;
			target = 8BFC75D821ECEA8F002C7F6F /* MarvelVsCapcom2 */;
			targetProxy = 8BFC75EE21ECEA91002C7F6F /* PBXContainerItemProxy */;
		};
		8BFC75FA21ECEA91002C7F6F /* PBXTargetDependency */ = {
			isa = PBXTargetDependency;
			target = 8BFC75D821ECEA8F002C7F6F /* MarvelVsCapcom2 */;
			targetProxy = 8BFC75F921ECEA91002C7F6F /* PBXContainerItemProxy */;
		};
/* End PBXTargetDependency section */

/* Begin PBXVariantGroup section */
		8BFC75E021ECEA8F002C7F6F /* Main.storyboard */ = {
			isa = PBXVariantGroup;
			children = (
				8BFC75E121ECEA8F002C7F6F /* Base */,
			);
			name = Main.storyboard;
			sourceTree = "<group>";
		};
		8BFC75E521ECEA90002C7F6F /* LaunchScreen.storyboard */ = {
			isa = PBXVariantGroup;
			children = (
				8BFC75E621ECEA90002C7F6F /* Base */,
			);
			name = LaunchScreen.storyboard;
			sourceTree = "<group>";
		};
/* End PBXVariantGroup section */

/* Begin XCBuildConfiguration section */
		8BFC75FF21ECEA91002C7F6F /* Debug */ = {
			isa = XCBuildConfiguration;
			buildSettings = {
				ALWAYS_SEARCH_USER_PATHS = NO;
				CLANG_ANALYZER_NONNULL = YES;
				CLANG_ANALYZER_NUMBER_OBJECT_CONVERSION = YES_AGGRESSIVE;
				CLANG_CXX_LANGUAGE_STANDARD = "gnu++14";
				CLANG_CXX_LIBRARY = "libc++";
				CLANG_ENABLE_MODULES = YES;
				CLANG_ENABLE_OBJC_ARC = YES;
				CLANG_ENABLE_OBJC_WEAK = YES;
				CLANG_WARN_BLOCK_CAPTURE_AUTORELEASING = YES;
				CLANG_WARN_BOOL_CONVERSION = YES;
				CLANG_WARN_COMMA = YES;
				CLANG_WARN_CONSTANT_CONVERSION = YES;
				CLANG_WARN_DEPRECATED_OBJC_IMPLEMENTATIONS = YES;
				CLANG_WARN_DIRECT_OBJC_ISA_USAGE = YES_ERROR;
				CLANG_WARN_DOCUMENTATION_COMMENTS = YES;
				CLANG_WARN_EMPTY_BODY = YES;
				CLANG_WARN_ENUM_CONVERSION = YES;
				CLANG_WARN_INFINITE_RECURSION = YES;
				CLANG_WARN_INT_CONVERSION = YES;
				CLANG_WARN_NON_LITERAL_NULL_CONVERSION = YES;
				CLANG_WARN_OBJC_IMPLICIT_RETAIN_SELF = YES;
				CLANG_WARN_OBJC_LITERAL_CONVERSION = YES;
				CLANG_WARN_OBJC_ROOT_CLASS = YES_ERROR;
				CLANG_WARN_RANGE_LOOP_ANALYSIS = YES;
				CLANG_WARN_STRICT_PROTOTYPES = YES;
				CLANG_WARN_SUSPICIOUS_MOVE = YES;
				CLANG_WARN_UNGUARDED_AVAILABILITY = YES_AGGRESSIVE;
				CLANG_WARN_UNREACHABLE_CODE = YES;
				CLANG_WARN__DUPLICATE_METHOD_MATCH = YES;
				CODE_SIGN_IDENTITY = "iPhone Developer";
				COPY_PHASE_STRIP = NO;
				DEBUG_INFORMATION_FORMAT = dwarf;
				ENABLE_STRICT_OBJC_MSGSEND = YES;
				ENABLE_TESTABILITY = YES;
				GCC_C_LANGUAGE_STANDARD = gnu11;
				GCC_DYNAMIC_NO_PIC = NO;
				GCC_NO_COMMON_BLOCKS = YES;
				GCC_OPTIMIZATION_LEVEL = 0;
				GCC_PREPROCESSOR_DEFINITIONS = (
					"DEBUG=1",
					"$(inherited)",
				);
				GCC_WARN_64_TO_32_BIT_CONVERSION = YES;
				GCC_WARN_ABOUT_RETURN_TYPE = YES_ERROR;
				GCC_WARN_UNDECLARED_SELECTOR = YES;
				GCC_WARN_UNINITIALIZED_AUTOS = YES_AGGRESSIVE;
				GCC_WARN_UNUSED_FUNCTION = YES;
				GCC_WARN_UNUSED_VARIABLE = YES;
				IPHONEOS_DEPLOYMENT_TARGET = 12.1;
				MTL_ENABLE_DEBUG_INFO = INCLUDE_SOURCE;
				MTL_FAST_MATH = YES;
				ONLY_ACTIVE_ARCH = YES;
				SDKROOT = iphoneos;
				SWIFT_ACTIVE_COMPILATION_CONDITIONS = DEBUG;
				SWIFT_OPTIMIZATION_LEVEL = "-Onone";
			};
			name = Debug;
		};
		8BFC760021ECEA91002C7F6F /* Release */ = {
			isa = XCBuildConfiguration;
			buildSettings = {
				ALWAYS_SEARCH_USER_PATHS = NO;
				CLANG_ANALYZER_NONNULL = YES;
				CLANG_ANALYZER_NUMBER_OBJECT_CONVERSION = YES_AGGRESSIVE;
				CLANG_CXX_LANGUAGE_STANDARD = "gnu++14";
				CLANG_CXX_LIBRARY = "libc++";
				CLANG_ENABLE_MODULES = YES;
				CLANG_ENABLE_OBJC_ARC = YES;
				CLANG_ENABLE_OBJC_WEAK = YES;
				CLANG_WARN_BLOCK_CAPTURE_AUTORELEASING = YES;
				CLANG_WARN_BOOL_CONVERSION = YES;
				CLANG_WARN_COMMA = YES;
				CLANG_WARN_CONSTANT_CONVERSION = YES;
				CLANG_WARN_DEPRECATED_OBJC_IMPLEMENTATIONS = YES;
				CLANG_WARN_DIRECT_OBJC_ISA_USAGE = YES_ERROR;
				CLANG_WARN_DOCUMENTATION_COMMENTS = YES;
				CLANG_WARN_EMPTY_BODY = YES;
				CLANG_WARN_ENUM_CONVERSION = YES;
				CLANG_WARN_INFINITE_RECURSION = YES;
				CLANG_WARN_INT_CONVERSION = YES;
				CLANG_WARN_NON_LITERAL_NULL_CONVERSION = YES;
				CLANG_WARN_OBJC_IMPLICIT_RETAIN_SELF = YES;
				CLANG_WARN_OBJC_LITERAL_CONVERSION = YES;
				CLANG_WARN_OBJC_ROOT_CLASS = YES_ERROR;
				CLANG_WARN_RANGE_LOOP_ANALYSIS = YES;
				CLANG_WARN_STRICT_PROTOTYPES = YES;
				CLANG_WARN_SUSPICIOUS_MOVE = YES;
				CLANG_WARN_UNGUARDED_AVAILABILITY = YES_AGGRESSIVE;
				CLANG_WARN_UNREACHABLE_CODE = YES;
				CLANG_WARN__DUPLICATE_METHOD_MATCH = YES;
				CODE_SIGN_IDENTITY = "iPhone Developer";
				COPY_PHASE_STRIP = NO;
				DEBUG_INFORMATION_FORMAT = "dwarf-with-dsym";
				ENABLE_NS_ASSERTIONS = NO;
				ENABLE_STRICT_OBJC_MSGSEND = YES;
				GCC_C_LANGUAGE_STANDARD = gnu11;
				GCC_NO_COMMON_BLOCKS = YES;
				GCC_WARN_64_TO_32_BIT_CONVERSION = YES;
				GCC_WARN_ABOUT_RETURN_TYPE = YES_ERROR;
				GCC_WARN_UNDECLARED_SELECTOR = YES;
				GCC_WARN_UNINITIALIZED_AUTOS = YES_AGGRESSIVE;
				GCC_WARN_UNUSED_FUNCTION = YES;
				GCC_WARN_UNUSED_VARIABLE = YES;
				IPHONEOS_DEPLOYMENT_TARGET = 12.1;
				MTL_ENABLE_DEBUG_INFO = NO;
				MTL_FAST_MATH = YES;
				SDKROOT = iphoneos;
				SWIFT_COMPILATION_MODE = wholemodule;
				SWIFT_OPTIMIZATION_LEVEL = "-O";
				VALIDATE_PRODUCT = YES;
			};
			name = Release;
		};
		8BFC760221ECEA91002C7F6F /* Debug */ = {
			isa = XCBuildConfiguration;
			buildSettings = {
				ASSETCATALOG_COMPILER_APPICON_NAME = AppIcon;
				CODE_SIGN_STYLE = Automatic;
				INFOPLIST_FILE = MarvelVsCapcom2/Info.plist;
				LD_RUNPATH_SEARCH_PATHS = (
					"$(inherited)",
					"@executable_path/Frameworks",
				);
				PRODUCT_BUNDLE_IDENTIFIER = asdfasfd.MarvelVsCapcom2;
				PRODUCT_NAME = "$(TARGET_NAME)";
				SWIFT_VERSION = 4.2;
				TARGETED_DEVICE_FAMILY = "1,2";
			};
			name = Debug;
		};
		8BFC760321ECEA91002C7F6F /* Release */ = {
			isa = XCBuildConfiguration;
			buildSettings = {
				ASSETCATALOG_COMPILER_APPICON_NAME = AppIcon;
				CODE_SIGN_STYLE = Automatic;
				INFOPLIST_FILE = MarvelVsCapcom2/Info.plist;
				LD_RUNPATH_SEARCH_PATHS = (
					"$(inherited)",
					"@executable_path/Frameworks",
				);
				PRODUCT_BUNDLE_IDENTIFIER = asdfasfd.MarvelVsCapcom2;
				PRODUCT_NAME = "$(TARGET_NAME)";
				SWIFT_VERSION = 4.2;
				TARGETED_DEVICE_FAMILY = "1,2";
			};
			name = Release;
		};
		8BFC760521ECEA91002C7F6F /* Debug */ = {
			isa = XCBuildConfiguration;
			buildSettings = {
				ALWAYS_EMBED_SWIFT_STANDARD_LIBRARIES = YES;
				BUNDLE_LOADER = "$(TEST_HOST)";
				CODE_SIGN_STYLE = Automatic;
				INFOPLIST_FILE = MarvelVsCapcom2Tests/Info.plist;
				LD_RUNPATH_SEARCH_PATHS = (
					"$(inherited)",
					"@executable_path/Frameworks",
					"@loader_path/Frameworks",
				);
				PRODUCT_BUNDLE_IDENTIFIER = asdfasfd.MarvelVsCapcom2Tests;
				PRODUCT_NAME = "$(TARGET_NAME)";
				SWIFT_VERSION = 4.2;
				TARGETED_DEVICE_FAMILY = "1,2";
				TEST_HOST = "$(BUILT_PRODUCTS_DIR)/MarvelVsCapcom2.app/MarvelVsCapcom2";
			};
			name = Debug;
		};
		8BFC760621ECEA91002C7F6F /* Release */ = {
			isa = XCBuildConfiguration;
			buildSettings = {
				ALWAYS_EMBED_SWIFT_STANDARD_LIBRARIES = YES;
				BUNDLE_LOADER = "$(TEST_HOST)";
				CODE_SIGN_STYLE = Automatic;
				INFOPLIST_FILE = MarvelVsCapcom2Tests/Info.plist;
				LD_RUNPATH_SEARCH_PATHS = (
					"$(inherited)",
					"@executable_path/Frameworks",
					"@loader_path/Frameworks",
				);
				PRODUCT_BUNDLE_IDENTIFIER = asdfasfd.MarvelVsCapcom2Tests;
				PRODUCT_NAME = "$(TARGET_NAME)";
				SWIFT_VERSION = 4.2;
				TARGETED_DEVICE_FAMILY = "1,2";
				TEST_HOST = "$(BUILT_PRODUCTS_DIR)/MarvelVsCapcom2.app/MarvelVsCapcom2";
			};
			name = Release;
		};
		8BFC760821ECEA91002C7F6F /* Debug */ = {
			isa = XCBuildConfiguration;
			buildSettings = {
				ALWAYS_EMBED_SWIFT_STANDARD_LIBRARIES = YES;
				CODE_SIGN_STYLE = Automatic;
				INFOPLIST_FILE = MarvelVsCapcom2UITests/Info.plist;
				LD_RUNPATH_SEARCH_PATHS = (
					"$(inherited)",
					"@executable_path/Frameworks",
					"@loader_path/Frameworks",
				);
				PRODUCT_BUNDLE_IDENTIFIER = asdfasfd.MarvelVsCapcom2UITests;
				PRODUCT_NAME = "$(TARGET_NAME)";
				SWIFT_VERSION = 4.2;
				TARGETED_DEVICE_FAMILY = "1,2";
				TEST_TARGET_NAME = MarvelVsCapcom2;
			};
			name = Debug;
		};
		8BFC760921ECEA91002C7F6F /* Release */ = {
			isa = XCBuildConfiguration;
			buildSettings = {
				ALWAYS_EMBED_SWIFT_STANDARD_LIBRARIES = YES;
				CODE_SIGN_STYLE = Automatic;
				INFOPLIST_FILE = MarvelVsCapcom2UITests/Info.plist;
				LD_RUNPATH_SEARCH_PATHS = (
					"$(inherited)",
					"@executable_path/Frameworks",
					"@loader_path/Frameworks",
				);
				PRODUCT_BUNDLE_IDENTIFIER = asdfasfd.MarvelVsCapcom2UITests;
				PRODUCT_NAME = "$(TARGET_NAME)";
				SWIFT_VERSION = 4.2;
				TARGETED_DEVICE_FAMILY = "1,2";
				TEST_TARGET_NAME = MarvelVsCapcom2;
			};
			name = Release;
		};
/* End XCBuildConfiguration section */

/* Begin XCConfigurationList section */
		8BFC75D421ECEA8F002C7F6F /* Build configuration list for PBXProject "MarvelVsCapcom2" */ = {
			isa = XCConfigurationList;
			buildConfigurations = (
				8BFC75FF21ECEA91002C7F6F /* Debug */,
				8BFC760021ECEA91002C7F6F /* Release */,
			);
			defaultConfigurationIsVisible = 0;
			defaultConfigurationName = Release;
		};
		8BFC760121ECEA91002C7F6F /* Build configuration list for PBXNativeTarget "MarvelVsCapcom2" */ = {
			isa = XCConfigurationList;
			buildConfigurations = (
				8BFC760221ECEA91002C7F6F /* Debug */,
				8BFC760321ECEA91002C7F6F /* Release */,
			);
			defaultConfigurationIsVisible = 0;
			defaultConfigurationName = Release;
		};
		8BFC760421ECEA91002C7F6F /* Build configuration list for PBXNativeTarget "MarvelVsCapcom2Tests" */ = {
			isa = XCConfigurationList;
			buildConfigurations = (
				8BFC760521ECEA91002C7F6F /* Debug */,
				8BFC760621ECEA91002C7F6F /* Release */,
			);
			defaultConfigurationIsVisible = 0;
			defaultConfigurationName = Release;
		};
		8BFC760721ECEA91002C7F6F /* Build configuration list for PBXNativeTarget "MarvelVsCapcom2UITests" */ = {
			isa = XCConfigurationList;
			buildConfigurations = (
				8BFC760821ECEA91002C7F6F /* Debug */,
				8BFC760921ECEA91002C7F6F /* Release */,
			);
			defaultConfigurationIsVisible = 0;
			defaultConfigurationName = Release;
		};
/* End XCConfigurationList section */
	};
	rootObject = 8BFC75D121ECEA8F002C7F6F /* Project object */;
}
